<?xml version="1.0" encoding="utf-8"?>
<Project ToolsVersion="4.0" xmlns="http://schemas.microsoft.com/developer/msbuild/2003">
  <ItemGroup>
    <Filter Include="소스 파일">
      <UniqueIdentifier>{4FC737F1-C7A5-4376-A066-2A32D752A2FF}</UniqueIdentifier>
      <Extensions>cpp;c;cc;cxx;c++;cppm;ixx;def;odl;idl;hpj;bat;asm;asmx</Extensions>
    </Filter>
    <Filter Include="헤더 파일">
      <UniqueIdentifier>{93995380-89BD-4b04-88EB-625FBE52EBFB}</UniqueIdentifier>
      <Extensions>h;hh;hpp;hxx;h++;hm;inl;inc;ipp;xsd</Extensions>
    </Filter>
    <Filter Include="리소스 파일">
      <UniqueIdentifier>{67DA6AB6-F800-4c08-8B7A-83BB121AAD01}</UniqueIdentifier>
      <Extensions>rc;ico;cur;bmp;dlg;rc2;rct;bin;rgs;gif;jpg;jpeg;jpe;resx;tiff;tif;png;wav;mfcribbon-ms</Extensions>
    </Filter>
    <Filter Include="소스 파일\Baekjoon">
      <UniqueIdentifier>{8734f806-c778-4b1a-b198-981e44722299}</UniqueIdentifier>
    </Filter>
    <Filter Include="소스 파일\Programmers">
      <UniqueIdentifier>{777fdea0-14d7-4e87-ad07-a4753a597326}</UniqueIdentifier>
    </Filter>
    <Filter Include="소스 파일\Programmers\Level2">
      <UniqueIdentifier>{44cacd76-5444-4236-ae02-469747cc5095}</UniqueIdentifier>
    </Filter>
    <Filter Include="소스 파일\Programmers\Level3">
      <UniqueIdentifier>{dfbd9a3b-de37-419c-b1b7-cd02a54c2add}</UniqueIdentifier>
    </Filter>
    <Filter Include="소스 파일\Programmers\Level4">
      <UniqueIdentifier>{5a02def8-6e0d-40ab-a0ff-0b39ed868e62}</UniqueIdentifier>
    </Filter>
    <Filter Include="소스 파일\SWEA">
      <UniqueIdentifier>{ee9a6004-eba6-4c9b-8e0a-f19016a2b8d7}</UniqueIdentifier>
    </Filter>
    <Filter Include="소스 파일\Kakao">
      <UniqueIdentifier>{39e81cda-0b94-4c05-bcd6-a1a88f7fd9dd}</UniqueIdentifier>
    </Filter>
    <Filter Include="소스 파일\Jungol">
      <UniqueIdentifier>{57e46ca3-13dc-402b-add2-05aa92e3313b}</UniqueIdentifier>
    </Filter>
    <Filter Include="소스 파일\Concept">
      <UniqueIdentifier>{fca0ad37-bb73-4082-b041-1c2c12d33871}</UniqueIdentifier>
    <Filter Include="소스 파일\Programmers\Level1">
      <UniqueIdentifier>{9bc29163-fa9b-46da-8b07-3b5727b635c4}</UniqueIdentifier>
    </Filter>
  </ItemGroup>
  <ItemGroup>
    <ClCompile Include="Baekjoon\BJ19236.cpp">
      <Filter>소스 파일\Baekjoon</Filter>
    </ClCompile>
    <ClCompile Include="Baekjoon\BJ20055.cpp">
      <Filter>소스 파일\Baekjoon</Filter>
    </ClCompile>
    <ClCompile Include="Baekjoon\BJ20057.cpp">
      <Filter>소스 파일\Baekjoon</Filter>
    </ClCompile>
    <ClCompile Include="Baekjoon\BOJ1931.cpp">
      <Filter>소스 파일\Baekjoon</Filter>
    </ClCompile>
    <ClCompile Include="Baekjoon\BOJ2170.cpp">
      <Filter>소스 파일\Baekjoon</Filter>
    </ClCompile>
    <ClCompile Include="Programmers\Level2\PG12909.cpp">
      <Filter>소스 파일\Programmers\Level2</Filter>
    </ClCompile>
    <ClCompile Include="Programmers\Level2\PG12939.cpp">
      <Filter>소스 파일\Programmers\Level2</Filter>
    </ClCompile>
    <ClCompile Include="Programmers\Level2\PG12945.cpp">
      <Filter>소스 파일\Programmers\Level2</Filter>
    </ClCompile>
    <ClCompile Include="Programmers\Level2\PG12953.cpp">
      <Filter>소스 파일\Programmers\Level2</Filter>
    </ClCompile>
    <ClCompile Include="Programmers\Level2\PG42577.cpp">
      <Filter>소스 파일\Programmers\Level2</Filter>
    </ClCompile>
    <ClCompile Include="Programmers\Level2\PG42747.cpp">
      <Filter>소스 파일\Programmers\Level2</Filter>
    </ClCompile>
    <ClCompile Include="Programmers\Level2\PG42842.cpp">
      <Filter>소스 파일\Programmers\Level2</Filter>
    </ClCompile>
    <ClCompile Include="Programmers\Level2\PG42885.cpp">
      <Filter>소스 파일\Programmers\Level2</Filter>
    </ClCompile>
    <ClCompile Include="Programmers\Level2\PG43165.cpp">
      <Filter>소스 파일\Programmers\Level2</Filter>
    </ClCompile>
    <ClCompile Include="Programmers\Level2\PG60058.cpp">
      <Filter>소스 파일\Programmers\Level2</Filter>
    </ClCompile>
    <ClCompile Include="Programmers\Level2\PG64065.cpp">
      <Filter>소스 파일\Programmers\Level2</Filter>
    </ClCompile>
    <ClCompile Include="Programmers\Level2\PG68645.cpp">
      <Filter>소스 파일\Programmers\Level2</Filter>
    </ClCompile>
    <ClCompile Include="Programmers\Level2\PG72411.cpp">
      <Filter>소스 파일\Programmers\Level2</Filter>
    </ClCompile>
    <ClCompile Include="Programmers\Level2\PG72412.cpp">
      <Filter>소스 파일\Programmers\Level2</Filter>
    </ClCompile>
    <ClCompile Include="Baekjoon\미해결_BOJ1561.cpp">
      <Filter>소스 파일\Baekjoon</Filter>
    </ClCompile>
    <ClCompile Include="Programmers\Level3\PG12982.cpp">
      <Filter>소스 파일\Programmers\Level3</Filter>
    </ClCompile>
    <ClCompile Include="Programmers\Level3\PG42746.cpp">
      <Filter>소스 파일\Programmers\Level3</Filter>
    </ClCompile>
    <ClCompile Include="Programmers\Level3\PG43162.cpp">
      <Filter>소스 파일\Programmers\Level3</Filter>
    </ClCompile>
    <ClCompile Include="Programmers\Level3\PG43163.cpp">
      <Filter>소스 파일\Programmers\Level3</Filter>
    </ClCompile>
    <ClCompile Include="Programmers\Level3\PG43164.cpp">
      <Filter>소스 파일\Programmers\Level3</Filter>
    </ClCompile>
    <ClCompile Include="Programmers\Level3\PG43238.cpp">
      <Filter>소스 파일\Programmers\Level3</Filter>
    </ClCompile>
    <ClCompile Include="Programmers\Level4\PG43236.cpp">
      <Filter>소스 파일\Programmers\Level4</Filter>
    </ClCompile>
    <ClCompile Include="BJ16236.cpp">
      <Filter>소스 파일\Baekjoon</Filter>
    </ClCompile>
    <ClCompile Include="BJ17837.cpp">
      <Filter>소스 파일\Baekjoon</Filter>
    </ClCompile>
    <ClCompile Include="SWEA4012.cpp">
      <Filter>소스 파일\SWEA</Filter>
    </ClCompile>
    <ClCompile Include="PG67256.cpp">
      <Filter>소스 파일\Kakao</Filter>
    </ClCompile>
    <ClCompile Include="JO1822.cpp">
      <Filter>소스 파일\Jungol</Filter>
    </ClCompile>
    <ClCompile Include="PG67258.cpp">
      <Filter>소스 파일\Kakao</Filter>
    </ClCompile>
    <ClCompile Include="PG67259.cpp">
      <Filter>소스 파일\Kakao</Filter>
    </ClCompile>
    <ClCompile Include="카카오인턴1.cpp">
      <Filter>소스 파일\Kakao</Filter>
    </ClCompile>
    <ClCompile Include="카카오인턴2.cpp">
      <Filter>소스 파일\Kakao</Filter>
    </ClCompile>
    <ClCompile Include="카카오인턴3.cpp">
      <Filter>소스 파일\Kakao</Filter>
    </ClCompile>
    <ClCompile Include="카카오인턴5.cpp">
      <Filter>소스 파일\Kakao</Filter>
    </ClCompile>
    <ClCompile Include="카카오인턴4.cpp">
      <Filter>소스 파일\Kakao</Filter>
    </ClCompile>
    <ClCompile Include="JO1257.cpp">
      <Filter>소스 파일\Jungol</Filter>
    </ClCompile>
    <ClCompile Include="JO1620.cpp">
      <Filter>소스 파일\Jungol</Filter>
    </ClCompile>
    <ClCompile Include="SWEA1244.cpp">
      <Filter>소스 파일\SWEA</Filter>
    </ClCompile>
    <ClCompile Include="순열%28재귀%29.cpp">
      <Filter>소스 파일\Concept</Filter>
    </ClCompile>
    <ClCompile Include="순열(점화식).cpp">
      <Filter>소스 파일\Concept</Filter>
    </ClCompile>
    <ClCompile Include="중복순열.cpp">
      <Filter>소스 파일\Concept</Filter>
    </ClCompile>
    <ClCompile Include="조합(점화식).cpp">
      <Filter>소스 파일\Concept</Filter>
    </ClCompile>
    <ClCompile Include="중복조합.cpp">
      <Filter>소스 파일\Concept</Filter>
    <ClCompile Include="PG64061.cpp">
      <Filter>소스 파일\Programmers\Level1</Filter>
    </ClCompile>
  </ItemGroup>
  <ItemGroup>
    <Text Include="Text.txt">
      <Filter>리소스 파일</Filter>
    </Text>
  </ItemGroup>
</Project>